
Microsoft Visual Studio Solution File, Format Version 12.00
# Visual Studio 15
VisualStudioVersion = 15.0.27428.2011
MinimumVisualStudioVersion = 10.0.40219.1
Project("{FAE04EC0-301F-11D3-BF4B-00C04F79EFBC}") = "20180321_2.4_Homework_Console", "20180321_2.4_Homework_Console\20180321_2.4_Homework_Console.csproj", "{F028E747-F7C2-4425-9161-77E094FAC31D}"
EndProject
Global
	GlobalSection(SolutionConfigurationPlatforms) = preSolution
		Debug|Any CPU = Debug|Any CPU
		Release|Any CPU = Release|Any CPU
	EndGlobalSection
	GlobalSection(ProjectConfigurationPlatforms) = postSolution
		{F028E747-F7C2-4425-9161-77E094FAC31D}.Debug|Any CPU.ActiveCfg = Debug|Any CPU
		{F028E747-F7C2-4425-9161-77E094FAC31D}.Debug|Any CPU.Build.0 = Debug|Any CPU
		{F028E747-F7C2-4425-9161-77E094FAC31D}.Release|Any CPU.ActiveCfg = Release|Any CPU
		{F028E747-F7C2-4425-9161-77E094FAC31D}.Release|Any CPU.Build.0 = Release|Any CPU
	EndGlobalSection
	GlobalSection(SolutionProperties) = preSolution
		HideSolutionNode = FALSE
	EndGlobalSection
	GlobalSection(ExtensibilityGlobals) = postSolution
		SolutionGuid = {924F1CEE-BB89-4D60-A4C7-E905E03B3E66}
	EndGlobalSection
EndGlobal
